hash: ce98758da3b642acdfeba008d17e1d1415dc9fe9232c9fda18ad0611778e5c93
updated: 2017-01-29T01:30:51.972859656+03:00
imports:
- name: github.com/satori/go.uuid
  version: b061729afc07e77a8aa4fad0a2fd840958f1942a
- name: github.com/Sirupsen/logrus
  version: 61e43dc76f7ee59a82bdf3d71033dc12bea4c77d
- name: golang.org/x/sys
  version: 478fcf54317e52ab69f40bb4c7a1520288d7f7ea
  subpackages:
  - unix
testImports: []
