hash: ce98758da3b642acdfeba008d17e1d1415dc9fe9232c9fda18ad0611778e5c93
updated: 2017-02-18T11:16:03.334698885+03:00
imports:
- name: github.com/satori/go.uuid
  version: b061729afc07e77a8aa4fad0a2fd840958f1942a
- name: github.com/Sirupsen/logrus
  version: 7f4b1adc791766938c29457bed0703fb9134421a
- name: golang.org/x/sys
  version: 075e574b89e4c2d22f2286a7e2b919519c6f3547
  subpackages:
  - unix
testImports: []
